
Microsoft Visual Studio Solution File, Format Version 12.00
# Visual Studio Version 17
VisualStudioVersion = 17.8.34511.84
MinimumVisualStudioVersion = 10.0.40219.1
Project("{FAE04EC0-301F-11D3-BF4B-00C04F79EFBC}") = "SnmpExample", "SnmpExample.csproj", "{E9E04EA4-CE06-4BE9-9F39-0825B0FA4204}"
EndProject
Global
	GlobalSection(SolutionConfigurationPlatforms) = preSolution
		Debug|Any CPU = Debug|Any CPU
		Release|Any CPU = Release|Any CPU
	EndGlobalSection
	GlobalSection(ProjectConfigurationPlatforms) = postSolution
		{E9E04EA4-CE06-4BE9-9F39-0825B0FA4204}.Debug|Any CPU.ActiveCfg = Debug|Any CPU
		{E9E04EA4-CE06-4BE9-9F39-0825B0FA4204}.Debug|Any CPU.Build.0 = Debug|Any CPU
		{E9E04EA4-CE06-4BE9-9F39-0825B0FA4204}.Release|Any CPU.ActiveCfg = Release|Any CPU
		{E9E04EA4-CE06-4BE9-9F39-0825B0FA4204}.Release|Any CPU.Build.0 = Release|Any CPU
	EndGlobalSection
	GlobalSection(SolutionProperties) = preSolution
		HideSolutionNode = FALSE
	EndGlobalSection
	GlobalSection(ExtensibilityGlobals) = postSolution
		SolutionGuid = {B43426B4-1D66-4863-A8FC-1D0885F22C30}
	EndGlobalSection
EndGlobal
